
Microsoft Visual Studio Solution File, Format Version 12.00
# Visual Studio Version 16
VisualStudioVersion = 16.0.29920.165
MinimumVisualStudioVersion = 10.0.40219.1
Project("{FAE04EC0-301F-11D3-BF4B-00C04F79EFBC}") = "graph.simplify.core", "graph.simplify.core\graph.simplify.core.csproj", "{7050C42F-DE17-4A18-B302-E77240B7D17C}"
EndProject
Project("{FAE04EC0-301F-11D3-BF4B-00C04F79EFBC}") = "graph.simplify.api", "graph.simplify.api\graph.simplify.api.csproj", "{E99B85B9-39A9-485D-BEFB-20DE7DC60ED0}"
EndProject
Global
	GlobalSection(SolutionConfigurationPlatforms) = preSolution
		Debug|Any CPU = Debug|Any CPU
		Release|Any CPU = Release|Any CPU
	EndGlobalSection
	GlobalSection(ProjectConfigurationPlatforms) = postSolution
		{7050C42F-DE17-4A18-B302-E77240B7D17C}.Debug|Any CPU.ActiveCfg = Debug|Any CPU
		{7050C42F-DE17-4A18-B302-E77240B7D17C}.Debug|Any CPU.Build.0 = Debug|Any CPU
		{7050C42F-DE17-4A18-B302-E77240B7D17C}.Release|Any CPU.ActiveCfg = Release|Any CPU
		{7050C42F-DE17-4A18-B302-E77240B7D17C}.Release|Any CPU.Build.0 = Release|Any CPU
		{E99B85B9-39A9-485D-BEFB-20DE7DC60ED0}.Debug|Any CPU.ActiveCfg = Debug|Any CPU
		{E99B85B9-39A9-485D-BEFB-20DE7DC60ED0}.Debug|Any CPU.Build.0 = Debug|Any CPU
		{E99B85B9-39A9-485D-BEFB-20DE7DC60ED0}.Release|Any CPU.ActiveCfg = Release|Any CPU
		{E99B85B9-39A9-485D-BEFB-20DE7DC60ED0}.Release|Any CPU.Build.0 = Release|Any CPU
	EndGlobalSection
	GlobalSection(SolutionProperties) = preSolution
		HideSolutionNode = FALSE
	EndGlobalSection
	GlobalSection(ExtensibilityGlobals) = postSolution
		SolutionGuid = {D972B2C5-F892-4A82-B8F2-54C17E4DA113}
	EndGlobalSection
EndGlobal
